// !$*UTF8*$!
{
	archiveVersion = 1;
	classes = {
	};
	objectVersion = 46;
	objects = {

/* Begin PBXBuildFile section */
		9976F42D1E8E32DB005037CD /* main.m in Sources */ = {isa = PBXBuildFile; fileRef = 9976F42C1E8E32DB005037CD /* main.m */; };
		9976F43A1E8E331A005037CD /* _FRWZombie_.mm in Sources */ = {isa = PBXBuildFile; fileRef = 9976F4351E8E331A005037CD /* _FRWZombie_.mm */; };
		9976F43B1E8E331A005037CD /* FRWZombieDemo.m in Sources */ = {isa = PBXBuildFile; fileRef = 9976F4371E8E331A005037CD /* FRWZombieDemo.m */; settings = {COMPILER_FLAGS = "-fno-objc-arc"; }; };
		9976F43C1E8E331A005037CD /* NSObject+Zombie.m in Sources */ = {isa = PBXBuildFile; fileRef = 9976F4391E8E331A005037CD /* NSObject+Zombie.m */; settings = {COMPILER_FLAGS = "-fno-objc-arc"; }; };
		9976F4401E8E4072005037CD /* FRWMessageDispatchDemo.m in Sources */ = {isa = PBXBuildFile; fileRef = 9976F43F1E8E4072005037CD /* FRWMessageDispatchDemo.m */; };
/* End PBXBuildFile section */

/* Begin PBXCopyFilesBuildPhase section */
		9976F4271E8E32DB005037CD /* CopyFiles */ = {
			isa = PBXCopyFilesBuildPhase;
			buildActionMask = 2147483647;
			dstPath = /usr/share/man/man1/;
			dstSubfolderSpec = 0;
			files = (
			);
			runOnlyForDeploymentPostprocessing = 1;
		};
/* End PBXCopyFilesBuildPhase section */

/* Begin PBXFileReference section */
		9976F4291E8E32DB005037CD /* NSZombieDemo */ = {isa = PBXFileReference; explicitFileType = "compiled.mach-o.executable"; includeInIndex = 0; path = NSZombieDemo; sourceTree = BUILT_PRODUCTS_DIR; };
		9976F42C1E8E32DB005037CD /* main.m */ = {isa = PBXFileReference; lastKnownFileType = sourcecode.c.objc; path = main.m; sourceTree = "<group>"; };
		9976F4341E8E331A005037CD /* _FRWZombie_.h */ = {isa = PBXFileReference; fileEncoding = 4; lastKnownFileType = sourcecode.c.h; path = _FRWZombie_.h; sourceTree = "<group>"; };
		9976F4351E8E331A005037CD /* _FRWZombie_.mm */ = {isa = PBXFileReference; fileEncoding = 4; lastKnownFileType = sourcecode.cpp.objcpp; path = _FRWZombie_.mm; sourceTree = "<group>"; };
		9976F4361E8E331A005037CD /* FRWZombieDemo.h */ = {isa = PBXFileReference; fileEncoding = 4; lastKnownFileType = sourcecode.c.h; path = FRWZombieDemo.h; sourceTree = "<group>"; };
		9976F4371E8E331A005037CD /* FRWZombieDemo.m */ = {isa = PBXFileReference; fileEncoding = 4; lastKnownFileType = sourcecode.c.objc; path = FRWZombieDemo.m; sourceTree = "<group>"; };
		9976F4381E8E331A005037CD /* NSObject+Zombie.h */ = {isa = PBXFileReference; fileEncoding = 4; lastKnownFileType = sourcecode.c.h; path = "NSObject+Zombie.h"; sourceTree = "<group>"; };
		9976F4391E8E331A005037CD /* NSObject+Zombie.m */ = {isa = PBXFileReference; fileEncoding = 4; lastKnownFileType = sourcecode.c.objc; path = "NSObject+Zombie.m"; sourceTree = "<group>"; };
		9976F43E1E8E4072005037CD /* FRWMessageDispatchDemo.h */ = {isa = PBXFileReference; fileEncoding = 4; lastKnownFileType = sourcecode.c.h; path = FRWMessageDispatchDemo.h; sourceTree = "<group>"; };
		9976F43F1E8E4072005037CD /* FRWMessageDispatchDemo.m */ = {isa = PBXFileReference; fileEncoding = 4; lastKnownFileType = sourcecode.c.objc; path = FRWMessageDispatchDemo.m; sourceTree = "<group>"; };
/* End PBXFileReference section */

/* Begin PBXFrameworksBuildPhase section */
		9976F4261E8E32DB005037CD /* Frameworks */ = {
			isa = PBXFrameworksBuildPhase;
			buildActionMask = 2147483647;
			files = (
			);
			runOnlyForDeploymentPostprocessing = 0;
		};
/* End PBXFrameworksBuildPhase section */

/* Begin PBXGroup section */
		9976F4201E8E32DB005037CD = {
			isa = PBXGroup;
			children = (
				9976F42B1E8E32DB005037CD /* NSZombieDemo */,
				9976F42A1E8E32DB005037CD /* Products */,
			);
			sourceTree = "<group>";
		};
		9976F42A1E8E32DB005037CD /* Products */ = {
			isa = PBXGroup;
			children = (
				9976F4291E8E32DB005037CD /* NSZombieDemo */,
			);
			name = Products;
			sourceTree = "<group>";
		};
		9976F42B1E8E32DB005037CD /* NSZombieDemo */ = {
			isa = PBXGroup;
			children = (
				9976F4331E8E331A005037CD /* NSObject+Zombie */,
				9976F42C1E8E32DB005037CD /* main.m */,
			);
			path = NSZombieDemo;
			sourceTree = "<group>";
		};
		9976F4331E8E331A005037CD /* NSObject+Zombie */ = {
			isa = PBXGroup;
			children = (
				9976F4341E8E331A005037CD /* _FRWZombie_.h */,
				9976F4351E8E331A005037CD /* _FRWZombie_.mm */,
				9976F4361E8E331A005037CD /* FRWZombieDemo.h */,
				9976F4371E8E331A005037CD /* FRWZombieDemo.m */,
				9976F4381E8E331A005037CD /* NSObject+Zombie.h */,
				9976F4391E8E331A005037CD /* NSObject+Zombie.m */,
				9976F43E1E8E4072005037CD /* FRWMessageDispatchDemo.h */,
				9976F43F1E8E4072005037CD /* FRWMessageDispatchDemo.m */,
			);
			path = "NSObject+Zombie";
			sourceTree = "<group>";
		};
/* End PBXGroup section */

/* Begin PBXNativeTarget section */
		9976F4281E8E32DB005037CD /* NSZombieDemo */ = {
			isa = PBXNativeTarget;
			buildConfigurationList = 9976F4301E8E32DB005037CD /* Build configuration list for PBXNativeTarget "NSZombieDemo" */;
			buildPhases = (
				9976F4251E8E32DB005037CD /* Sources */,
				9976F4261E8E32DB005037CD /* Frameworks */,
				9976F4271E8E32DB005037CD /* CopyFiles */,
			);
			buildRules = (
			);
			dependencies = (
			);
			name = NSZombieDemo;
			productName = NSZombieDemo;
			productReference = 9976F4291E8E32DB005037CD /* NSZombieDemo */;
			productType = "com.apple.product-type.tool";
		};
/* End PBXNativeTarget section */

/* Begin PBXProject section */
		9976F4211E8E32DB005037CD /* Project object */ = {
			isa = PBXProject;
			attributes = {
				LastUpgradeCheck = 0830;
				ORGANIZATIONNAME = gmail.freewaying;
				TargetAttributes = {
					9976F4281E8E32DB005037CD = {
						CreatedOnToolsVersion = 8.3;
						ProvisioningStyle = Automatic;
					};
				};
			};
			buildConfigurationList = 9976F4241E8E32DB005037CD /* Build configuration list for PBXProject "NSZombieDemo" */;
			compatibilityVersion = "Xcode 3.2";
			developmentRegion = English;
			hasScannedForEncodings = 0;
			knownRegions = (
				en,
			);
			mainGroup = 9976F4201E8E32DB005037CD;
			productRefGroup = 9976F42A1E8E32DB005037CD /* Products */;
			projectDirPath = "";
			projectRoot = "";
			targets = (
				9976F4281E8E32DB005037CD /* NSZombieDemo */,
			);
		};
/* End PBXProject section */

/* Begin PBXSourcesBuildPhase section */
		9976F4251E8E32DB005037CD /* Sources */ = {
			isa = PBXSourcesBuildPhase;
			buildActionMask = 2147483647;
			files = (
				9976F42D1E8E32DB005037CD /* main.m in Sources */,
				9976F43C1E8E331A005037CD /* NSObject+Zombie.m in Sources */,
				9976F43A1E8E331A005037CD /* _FRWZombie_.mm in Sources */,
				9976F43B1E8E331A005037CD /* FRWZombieDemo.m in Sources */,
				9976F4401E8E4072005037CD /* FRWMessageDispatchDemo.m in Sources */,
			);
			runOnlyForDeploymentPostprocessing = 0;
		};
/* End PBXSourcesBuildPhase section */

/* Begin XCBuildConfiguration section */
		9976F42E1E8E32DB005037CD /* Debug */ = {
			isa = XCBuildConfiguration;
			buildSettings = {
				ALWAYS_SEARCH_USER_PATHS = NO;
				CLANG_ANALYZER_NONNULL = YES;
				CLANG_ANALYZER_NUMBER_OBJECT_CONVERSION = YES_AGGRESSIVE;
				CLANG_CXX_LANGUAGE_STANDARD = "gnu++0x";
				CLANG_CXX_LIBRARY = "libc++";
				CLANG_ENABLE_MODULES = YES;
				CLANG_ENABLE_OBJC_ARC = YES;
				CLANG_WARN_BOOL_CONVERSION = YES;
				CLANG_WARN_CONSTANT_CONVERSION = YES;
				CLANG_WARN_DIRECT_OBJC_ISA_USAGE = YES_ERROR;
				CLANG_WARN_DOCUMENTATION_COMMENTS = YES;
				CLANG_WARN_EMPTY_BODY = YES;
				CLANG_WARN_ENUM_CONVERSION = YES;
				CLANG_WARN_INFINITE_RECURSION = YES;
				CLANG_WARN_INT_CONVERSION = YES;
				CLANG_WARN_OBJC_ROOT_CLASS = YES_ERROR;
				CLANG_WARN_SUSPICIOUS_MOVE = YES;
				CLANG_WARN_UNREACHABLE_CODE = YES;
				CLANG_WARN__DUPLICATE_METHOD_MATCH = YES;
				CODE_SIGN_IDENTITY = "-";
				COPY_PHASE_STRIP = NO;
				DEBUG_INFORMATION_FORMAT = dwarf;
				ENABLE_STRICT_OBJC_MSGSEND = YES;
				ENABLE_TESTABILITY = YES;
				GCC_C_LANGUAGE_STANDARD = gnu99;
				GCC_DYNAMIC_NO_PIC = NO;
				GCC_NO_COMMON_BLOCKS = YES;
				GCC_OPTIMIZATION_LEVEL = 0;
				GCC_PREPROCESSOR_DEFINITIONS = (
					"DEBUG=1",
					"$(inherited)",
				);
				GCC_WARN_64_TO_32_BIT_CONVERSION = YES;
				GCC_WARN_ABOUT_RETURN_TYPE = YES_ERROR;
				GCC_WARN_UNDECLARED_SELECTOR = YES;
				GCC_WARN_UNINITIALIZED_AUTOS = YES_AGGRESSIVE;
				GCC_WARN_UNUSED_FUNCTION = YES;
				GCC_WARN_UNUSED_VARIABLE = YES;
				MACOSX_DEPLOYMENT_TARGET = 10.12;
				MTL_ENABLE_DEBUG_INFO = YES;
				ONLY_ACTIVE_ARCH = YES;
				SDKROOT = macosx;
			};
			name = Debug;
		};
		9976F42F1E8E32DB005037CD /* Release */ = {
			isa = XCBuildConfiguration;
			buildSettings = {
				ALWAYS_SEARCH_USER_PATHS = NO;
				CLANG_ANALYZER_NONNULL = YES;
				CLANG_ANALYZER_NUMBER_OBJECT_CONVERSION = YES_AGGRESSIVE;
				CLANG_CXX_LANGUAGE_STANDARD = "gnu++0x";
				CLANG_CXX_LIBRARY = "libc++";
				CLANG_ENABLE_MODULES = YES;
				CLANG_ENABLE_OBJC_ARC = YES;
				CLANG_WARN_BOOL_CONVERSION = YES;
				CLANG_WARN_CONSTANT_CONVERSION = YES;
				CLANG_WARN_DIRECT_OBJC_ISA_USAGE = YES_ERROR;
				CLANG_WARN_DOCUMENTATION_COMMENTS = YES;
				CLANG_WARN_EMPTY_BODY = YES;
				CLANG_WARN_ENUM_CONVERSION = YES;
				CLANG_WARN_INFINITE_RECURSION = YES;
				CLANG_WARN_INT_CONVERSION = YES;
				CLANG_WARN_OBJC_ROOT_CLASS = YES_ERROR;
				CLANG_WARN_SUSPICIOUS_MOVE = YES;
				CLANG_WARN_UNREACHABLE_CODE = YES;
				CLANG_WARN__DUPLICATE_METHOD_MATCH = YES;
				CODE_SIGN_IDENTITY = "-";
				COPY_PHASE_STRIP = NO;
				DEBUG_INFORMATION_FORMAT = "dwarf-with-dsym";
				ENABLE_NS_ASSERTIONS = NO;
				ENABLE_STRICT_OBJC_MSGSEND = YES;
				GCC_C_LANGUAGE_STANDARD = gnu99;
				GCC_NO_COMMON_BLOCKS = YES;
				GCC_WARN_64_TO_32_BIT_CONVERSION = YES;
				GCC_WARN_ABOUT_RETURN_TYPE = YES_ERROR;
				GCC_WARN_UNDECLARED_SELECTOR = YES;
				GCC_WARN_UNINITIALIZED_AUTOS = YES_AGGRESSIVE;
				GCC_WARN_UNUSED_FUNCTION = YES;
				GCC_WARN_UNUSED_VARIABLE = YES;
				MACOSX_DEPLOYMENT_TARGET = 10.12;
				MTL_ENABLE_DEBUG_INFO = NO;
				SDKROOT = macosx;
			};
			name = Release;
		};
		9976F4311E8E32DB005037CD /* Debug */ = {
			isa = XCBuildConfiguration;
			buildSettings = {
				GCC_PREPROCESSOR_DEFINITIONS = (
					"DEBUG=1",
					"$(inherited)",
					"FRWZombieEnabed=1",
				);
				PRODUCT_NAME = "$(TARGET_NAME)";
			};
			name = Debug;
		};
		9976F4321E8E32DB005037CD /* Release */ = {
			isa = XCBuildConfiguration;
			buildSettings = {
				GCC_PREPROCESSOR_DEFINITIONS = "FRWZombieEnabed=1";
				PRODUCT_NAME = "$(TARGET_NAME)";
			};
			name = Release;
		};
/* End XCBuildConfiguration section */

/* Begin XCConfigurationList section */
		9976F4241E8E32DB005037CD /* Build configuration list for PBXProject "NSZombieDemo" */ = {
			isa = XCConfigurationList;
			buildConfigurations = (
				9976F42E1E8E32DB005037CD /* Debug */,
				9976F42F1E8E32DB005037CD /* Release */,
			);
			defaultConfigurationIsVisible = 0;
			defaultConfigurationName = Release;
		};
		9976F4301E8E32DB005037CD /* Build configuration list for PBXNativeTarget "NSZombieDemo" */ = {
			isa = XCConfigurationList;
			buildConfigurations = (
				9976F4311E8E32DB005037CD /* Debug */,
				9976F4321E8E32DB005037CD /* Release */,
			);
			defaultConfigurationIsVisible = 0;
			defaultConfigurationName = Release;
		};
/* End XCConfigurationList section */
	};
	rootObject = 9976F4211E8E32DB005037CD /* Project object */;
}
